
Microsoft Visual Studio Solution File, Format Version 12.00
# Visual Studio 14
VisualStudioVersion = 14.0.25123.0
MinimumVisualStudioVersion = 10.0.40219.1
Project("{FAE04EC0-301F-11D3-BF4B-00C04F79EFBC}") = "01.StudentClass", "01.StudentClass\01.StudentClass.csproj", "{E502B77A-7ADB-42EA-9CBF-205D90A41865}"
EndProject
Project("{FAE04EC0-301F-11D3-BF4B-00C04F79EFBC}") = "04.PersonClass", "04.PersonClass\04.PersonClass.csproj", "{9ED3AA9A-4036-4D20-8CAF-CBCA8AD334FD}"
EndProject
Project("{FAE04EC0-301F-11D3-BF4B-00C04F79EFBC}") = "05-06.Problems", "05-06.Problems\05-06.Problems.csproj", "{D7216DBA-9F3A-4355-931A-076F32982CEF}"
EndProject
Global
	GlobalSection(SolutionConfigurationPlatforms) = preSolution
		Debug|Any CPU = Debug|Any CPU
		Release|Any CPU = Release|Any CPU
	EndGlobalSection
	GlobalSection(ProjectConfigurationPlatforms) = postSolution
		{E502B77A-7ADB-42EA-9CBF-205D90A41865}.Debug|Any CPU.ActiveCfg = Debug|Any CPU
		{E502B77A-7ADB-42EA-9CBF-205D90A41865}.Debug|Any CPU.Build.0 = Debug|Any CPU
		{E502B77A-7ADB-42EA-9CBF-205D90A41865}.Release|Any CPU.ActiveCfg = Release|Any CPU
		{E502B77A-7ADB-42EA-9CBF-205D90A41865}.Release|Any CPU.Build.0 = Release|Any CPU
		{9ED3AA9A-4036-4D20-8CAF-CBCA8AD334FD}.Debug|Any CPU.ActiveCfg = Debug|Any CPU
		{9ED3AA9A-4036-4D20-8CAF-CBCA8AD334FD}.Debug|Any CPU.Build.0 = Debug|Any CPU
		{9ED3AA9A-4036-4D20-8CAF-CBCA8AD334FD}.Release|Any CPU.ActiveCfg = Release|Any CPU
		{9ED3AA9A-4036-4D20-8CAF-CBCA8AD334FD}.Release|Any CPU.Build.0 = Release|Any CPU
		{D7216DBA-9F3A-4355-931A-076F32982CEF}.Debug|Any CPU.ActiveCfg = Debug|Any CPU
		{D7216DBA-9F3A-4355-931A-076F32982CEF}.Debug|Any CPU.Build.0 = Debug|Any CPU
		{D7216DBA-9F3A-4355-931A-076F32982CEF}.Release|Any CPU.ActiveCfg = Release|Any CPU
		{D7216DBA-9F3A-4355-931A-076F32982CEF}.Release|Any CPU.Build.0 = Release|Any CPU
	EndGlobalSection
	GlobalSection(SolutionProperties) = preSolution
		HideSolutionNode = FALSE
	EndGlobalSection
EndGlobal
